
Microsoft Visual Studio Solution File, Format Version 12.00
# Visual Studio Version 16
VisualStudioVersion = 16.0.30002.166
MinimumVisualStudioVersion = 10.0.40219.1
Project("{FAE04EC0-301F-11D3-BF4B-00C04F79EFBC}") = "Webgentle.BookStore", "Webgentle.BookStore\Webgentle.BookStore.csproj", "{B18F55F9-6229-4FA9-8F75-B2B9E61FA6D4}"
EndProject
Global
	GlobalSection(SolutionConfigurationPlatforms) = preSolution
		Debug|Any CPU = Debug|Any CPU
		Release|Any CPU = Release|Any CPU
	EndGlobalSection
	GlobalSection(ProjectConfigurationPlatforms) = postSolution
		{B18F55F9-6229-4FA9-8F75-B2B9E61FA6D4}.Debug|Any CPU.ActiveCfg = Debug|Any CPU
		{B18F55F9-6229-4FA9-8F75-B2B9E61FA6D4}.Debug|Any CPU.Build.0 = Debug|Any CPU
		{B18F55F9-6229-4FA9-8F75-B2B9E61FA6D4}.Release|Any CPU.ActiveCfg = Release|Any CPU
		{B18F55F9-6229-4FA9-8F75-B2B9E61FA6D4}.Release|Any CPU.Build.0 = Release|Any CPU
	EndGlobalSection
	GlobalSection(SolutionProperties) = preSolution
		HideSolutionNode = FALSE
	EndGlobalSection
	GlobalSection(ExtensibilityGlobals) = postSolution
		SolutionGuid = {11E190A1-ABFF-4E86-BEB9-01240042B527}
	EndGlobalSection
EndGlobal
